Microsoft Visual Studio Solution File, Format Version 10.00
# Visual C++ Express 2008
Project("{8BC9CEB8-8B4A-11D0-8D11-00A0C91BC942}") = "libdmtx", "libdmtx.vcproj", "{B1283C12-8037-4688-815B-A7046E6737B7}"
EndProject
Project("{8BC9CEB8-8B4A-11D0-8D11-00A0C91BC942}") = "dmtxread", "dmtxread.vcproj", "{39CE9EB3-4E53-47A9-B607-5A7535F1FF71}"
	ProjectSection(ProjectDependencies) = postProject
		{B1283C12-8037-4688-815B-A7046E6737B7} = {B1283C12-8037-4688-815B-A7046E6737B7}
	EndProjectSection
EndProject
Project("{8BC9CEB8-8B4A-11D0-8D11-00A0C91BC942}") = "dmtxwrite", "dmtxwrite.vcproj", "{FBF4DDDF-1C5C-4284-BDFB-58AEFCFD41AB}"
	ProjectSection(ProjectDependencies) = postProject
		{B1283C12-8037-4688-815B-A7046E6737B7} = {B1283C12-8037-4688-815B-A7046E6737B7}
	EndProjectSection
EndProject
Project("{8BC9CEB8-8B4A-11D0-8D11-00A0C91BC942}") = "dmtxquery", "dmtxquery.vcproj", "{00F563B7-1B22-4923-A2F8-538230CB8217}"
	ProjectSection(ProjectDependencies) = postProject
		{B1283C12-8037-4688-815B-A7046E6737B7} = {B1283C12-8037-4688-815B-A7046E6737B7}
	EndProjectSection
EndProject
Project("{8BC9CEB8-8B4A-11D0-8D11-00A0C91BC942}") = "simple_test", "simple_test.vcproj", "{137F9AE0-78B9-4407-870F-F6DE41014EEE}"
	ProjectSection(ProjectDependencies) = postProject
		{B1283C12-8037-4688-815B-A7046E6737B7} = {B1283C12-8037-4688-815B-A7046E6737B7}
	EndProjectSection
EndProject
Global
	GlobalSection(SolutionConfigurationPlatforms) = preSolution
		Debug|Win32 = Debug|Win32
		Release|Win32 = Release|Win32
	EndGlobalSection
	GlobalSection(ProjectConfigurationPlatforms) = postSolution
		{B1283C12-8037-4688-815B-A7046E6737B7}.Debug|Win32.ActiveCfg = Debug|Win32
		{B1283C12-8037-4688-815B-A7046E6737B7}.Debug|Win32.Build.0 = Debug|Win32
		{B1283C12-8037-4688-815B-A7046E6737B7}.Release|Win32.ActiveCfg = Release|Win32
		{B1283C12-8037-4688-815B-A7046E6737B7}.Release|Win32.Build.0 = Release|Win32
		{39CE9EB3-4E53-47A9-B607-5A7535F1FF71}.Debug|Win32.ActiveCfg = Debug|Win32
		{39CE9EB3-4E53-47A9-B607-5A7535F1FF71}.Debug|Win32.Build.0 = Debug|Win32
		{39CE9EB3-4E53-47A9-B607-5A7535F1FF71}.Release|Win32.ActiveCfg = Release|Win32
		{39CE9EB3-4E53-47A9-B607-5A7535F1FF71}.Release|Win32.Build.0 = Release|Win32
		{FBF4DDDF-1C5C-4284-BDFB-58AEFCFD41AB}.Debug|Win32.ActiveCfg = Debug|Win32
		{FBF4DDDF-1C5C-4284-BDFB-58AEFCFD41AB}.Debug|Win32.Build.0 = Debug|Win32
		{FBF4DDDF-1C5C-4284-BDFB-58AEFCFD41AB}.Release|Win32.ActiveCfg = Release|Win32
		{FBF4DDDF-1C5C-4284-BDFB-58AEFCFD41AB}.Release|Win32.Build.0 = Release|Win32
		{00F563B7-1B22-4923-A2F8-538230CB8217}.Debug|Win32.ActiveCfg = Debug|Win32
		{00F563B7-1B22-4923-A2F8-538230CB8217}.Debug|Win32.Build.0 = Debug|Win32
		{00F563B7-1B22-4923-A2F8-538230CB8217}.Release|Win32.ActiveCfg = Release|Win32
		{00F563B7-1B22-4923-A2F8-538230CB8217}.Release|Win32.Build.0 = Release|Win32
		{137F9AE0-78B9-4407-870F-F6DE41014EEE}.Debug|Win32.ActiveCfg = Debug|Win32
		{137F9AE0-78B9-4407-870F-F6DE41014EEE}.Debug|Win32.Build.0 = Debug|Win32
		{137F9AE0-78B9-4407-870F-F6DE41014EEE}.Release|Win32.ActiveCfg = Release|Win32
		{137F9AE0-78B9-4407-870F-F6DE41014EEE}.Release|Win32.Build.0 = Release|Win32
	EndGlobalSection
	GlobalSection(SolutionProperties) = preSolution
		HideSolutionNode = FALSE
	EndGlobalSection
EndGlobal
