
Microsoft Visual Studio Solution File, Format Version 10.00
# Visual C# Express 2008
Project("{FAE04EC0-301F-11D3-BF4B-00C04F79EFBC}") = "Libdmtx.Net", "Libdmtx.Net\Libdmtx.Net.csproj", "{AB1BB2A6-01B6-438B-BB45-21B64063DAA7}"
EndProject
Project("{FAE04EC0-301F-11D3-BF4B-00C04F79EFBC}") = "Libdmtx.Net.Test", "Libdmtx.Net.Test\Libdmtx.Net.Test.csproj", "{4F4AF294-46BC-4976-9AC9-89587FF6C822}"
EndProject
Global
	GlobalSection(SolutionConfigurationPlatforms) = preSolution
		Debug|Any CPU = Debug|Any CPU
		Release|Any CPU = Release|Any CPU
	EndGlobalSection
	GlobalSection(ProjectConfigurationPlatforms) = postSolution
		{AB1BB2A6-01B6-438B-BB45-21B64063DAA7}.Debug|Any CPU.ActiveCfg = Debug|Any CPU
		{AB1BB2A6-01B6-438B-BB45-21B64063DAA7}.Debug|Any CPU.Build.0 = Debug|Any CPU
		{AB1BB2A6-01B6-438B-BB45-21B64063DAA7}.Release|Any CPU.ActiveCfg = Release|Any CPU
		{AB1BB2A6-01B6-438B-BB45-21B64063DAA7}.Release|Any CPU.Build.0 = Release|Any CPU
		{4F4AF294-46BC-4976-9AC9-89587FF6C822}.Debug|Any CPU.ActiveCfg = Debug|Any CPU
		{4F4AF294-46BC-4976-9AC9-89587FF6C822}.Debug|Any CPU.Build.0 = Debug|Any CPU
		{4F4AF294-46BC-4976-9AC9-89587FF6C822}.Release|Any CPU.ActiveCfg = Release|Any CPU
		{4F4AF294-46BC-4976-9AC9-89587FF6C822}.Release|Any CPU.Build.0 = Release|Any CPU
	EndGlobalSection
	GlobalSection(SolutionProperties) = preSolution
		HideSolutionNode = FALSE
	EndGlobalSection
EndGlobal
